// !$*UTF8*$!
{
	archiveVersion = 1;
	classes = {
	};
	objectVersion = 50;
	objects = {

/* Begin PBXBuildFile section */
		872DE11C24D703720046ABE8 /* AppDelegate.swift in Sources */ = {isa = PBXBuildFile; fileRef = 872DE11B24D703720046ABE8 /* AppDelegate.swift */; };
		872DE11E24D703720046ABE8 /* SceneDelegate.swift in Sources */ = {isa = PBXBuildFile; fileRef = 872DE11D24D703720046ABE8 /* SceneDelegate.swift */; };
		872DE12024D703720046ABE8 /* ViewController.swift in Sources */ = {isa = PBXBuildFile; fileRef = 872DE11F24D703720046ABE8 /* ViewController.swift */; };
		872DE12324D703720046ABE8 /* Main.storyboard in Resources */ = {isa = PBXBuildFile; fileRef = 872DE12124D703720046ABE8 /* Main.storyboard */; };
		872DE12524D703770046ABE8 /* Assets.xcassets in Resources */ = {isa = PBXBuildFile; fileRef = 872DE12424D703770046ABE8 /* Assets.xcassets */; };
		872DE12824D703770046ABE8 /* LaunchScreen.storyboard in Resources */ = {isa = PBXBuildFile; fileRef = 872DE12624D703770046ABE8 /* LaunchScreen.storyboard */; };
		872DE13324D703770046ABE8 /* iOS_FitFillTests.swift in Sources */ = {isa = PBXBuildFile; fileRef = 872DE13224D703770046ABE8 /* iOS_FitFillTests.swift */; };
/* End PBXBuildFile section */

/* Begin PBXContainerItemProxy section */
		872DE12F24D703770046ABE8 /* PBXContainerItemProxy */ = {
			isa = PBXContainerItemProxy;
			containerPortal = 872DE11024D703720046ABE8 /* Project object */;
			proxyType = 1;
			remoteGlobalIDString = 872DE11724D703720046ABE8;
			remoteInfo = "iOS-FitFill";
		};
/* End PBXContainerItemProxy section */

/* Begin PBXFileReference section */
		872DE11824D703720046ABE8 /* iOS-FitFill.app */ = {isa = PBXFileReference; explicitFileType = wrapper.application; includeInIndex = 0; path = "iOS-FitFill.app"; sourceTree = BUILT_PRODUCTS_DIR; };
		872DE11B24D703720046ABE8 /* AppDelegate.swift */ = {isa = PBXFileReference; lastKnownFileType = sourcecode.swift; path = AppDelegate.swift; sourceTree = "<group>"; };
		872DE11D24D703720046ABE8 /* SceneDelegate.swift */ = {isa = PBXFileReference; lastKnownFileType = sourcecode.swift; path = SceneDelegate.swift; sourceTree = "<group>"; };
		872DE11F24D703720046ABE8 /* ViewController.swift */ = {isa = PBXFileReference; lastKnownFileType = sourcecode.swift; path = ViewController.swift; sourceTree = "<group>"; };
		872DE12224D703720046ABE8 /* Base */ = {isa = PBXFileReference; lastKnownFileType = file.storyboard; name = Base; path = Base.lproj/Main.storyboard; sourceTree = "<group>"; };
		872DE12424D703770046ABE8 /* Assets.xcassets */ = {isa = PBXFileReference; lastKnownFileType = folder.assetcatalog; path = Assets.xcassets; sourceTree = "<group>"; };
		872DE12724D703770046ABE8 /* Base */ = {isa = PBXFileReference; lastKnownFileType = file.storyboard; name = Base; path = Base.lproj/LaunchScreen.storyboard; sourceTree = "<group>"; };
		872DE12924D703770046ABE8 /* Info.plist */ = {isa = PBXFileReference; lastKnownFileType = text.plist.xml; path = Info.plist; sourceTree = "<group>"; };
		872DE12E24D703770046ABE8 /* iOS-FitFillTests.xctest */ = {isa = PBXFileReference; explicitFileType = wrapper.cfbundle; includeInIndex = 0; path = "iOS-FitFillTests.xctest"; sourceTree = BUILT_PRODUCTS_DIR; };
		872DE13224D703770046ABE8 /* iOS_FitFillTests.swift */ = {isa = PBXFileReference; lastKnownFileType = sourcecode.swift; path = iOS_FitFillTests.swift; sourceTree = "<group>"; };
		872DE13424D703770046ABE8 /* Info.plist */ = {isa = PBXFileReference; lastKnownFileType = text.plist.xml; path = Info.plist; sourceTree = "<group>"; };
/* End PBXFileReference section */

/* Begin PBXFrameworksBuildPhase section */
		872DE11524D703720046ABE8 /* Frameworks */ = {
			isa = PBXFrameworksBuildPhase;
			buildActionMask = 2147483647;
			files = (
			);
			runOnlyForDeploymentPostprocessing = 0;
		};
		872DE12B24D703770046ABE8 /* Frameworks */ = {
			isa = PBXFrameworksBuildPhase;
			buildActionMask = 2147483647;
			files = (
			);
			runOnlyForDeploymentPostprocessing = 0;
		};
/* End PBXFrameworksBuildPhase section */

/* Begin PBXGroup section */
		872DE10F24D703720046ABE8 = {
			isa = PBXGroup;
			children = (
				872DE11A24D703720046ABE8 /* iOS-FitFill */,
				872DE13124D703770046ABE8 /* iOS-FitFillTests */,
				872DE11924D703720046ABE8 /* Products */,
			);
			sourceTree = "<group>";
		};
		872DE11924D703720046ABE8 /* Products */ = {
			isa = PBXGroup;
			children = (
				872DE11824D703720046ABE8 /* iOS-FitFill.app */,
				872DE12E24D703770046ABE8 /* iOS-FitFillTests.xctest */,
			);
			name = Products;
			sourceTree = "<group>";
		};
		872DE11A24D703720046ABE8 /* iOS-FitFill */ = {
			isa = PBXGroup;
			children = (
				872DE11B24D703720046ABE8 /* AppDelegate.swift */,
				872DE11D24D703720046ABE8 /* SceneDelegate.swift */,
				872DE11F24D703720046ABE8 /* ViewController.swift */,
				872DE12124D703720046ABE8 /* Main.storyboard */,
				872DE12424D703770046ABE8 /* Assets.xcassets */,
				872DE12624D703770046ABE8 /* LaunchScreen.storyboard */,
				872DE12924D703770046ABE8 /* Info.plist */,
			);
			path = "iOS-FitFill";
			sourceTree = "<group>";
		};
		872DE13124D703770046ABE8 /* iOS-FitFillTests */ = {
			isa = PBXGroup;
			children = (
				872DE13224D703770046ABE8 /* iOS_FitFillTests.swift */,
				872DE13424D703770046ABE8 /* Info.plist */,
			);
			path = "iOS-FitFillTests";
			sourceTree = "<group>";
		};
/* End PBXGroup section */

/* Begin PBXNativeTarget section */
		872DE11724D703720046ABE8 /* iOS-FitFill */ = {
			isa = PBXNativeTarget;
			buildConfigurationList = 872DE13724D703770046ABE8 /* Build configuration list for PBXNativeTarget "iOS-FitFill" */;
			buildPhases = (
				872DE11424D703720046ABE8 /* Sources */,
				872DE11524D703720046ABE8 /* Frameworks */,
				872DE11624D703720046ABE8 /* Resources */,
			);
			buildRules = (
			);
			dependencies = (
			);
			name = "iOS-FitFill";
			productName = "iOS-FitFill";
			productReference = 872DE11824D703720046ABE8 /* iOS-FitFill.app */;
			productType = "com.apple.product-type.application";
		};
		872DE12D24D703770046ABE8 /* iOS-FitFillTests */ = {
			isa = PBXNativeTarget;
			buildConfigurationList = 872DE13A24D703770046ABE8 /* Build configuration list for PBXNativeTarget "iOS-FitFillTests" */;
			buildPhases = (
				872DE12A24D703770046ABE8 /* Sources */,
				872DE12B24D703770046ABE8 /* Frameworks */,
				872DE12C24D703770046ABE8 /* Resources */,
			);
			buildRules = (
			);
			dependencies = (
				872DE13024D703770046ABE8 /* PBXTargetDependency */,
			);
			name = "iOS-FitFillTests";
			productName = "iOS-FitFillTests";
			productReference = 872DE12E24D703770046ABE8 /* iOS-FitFillTests.xctest */;
			productType = "com.apple.product-type.bundle.unit-test";
		};
/* End PBXNativeTarget section */

/* Begin PBXProject section */
		872DE11024D703720046ABE8 /* Project object */ = {
			isa = PBXProject;
			attributes = {
				LastSwiftUpdateCheck = 1160;
				LastUpgradeCheck = 1160;
				TargetAttributes = {
					872DE11724D703720046ABE8 = {
						CreatedOnToolsVersion = 11.6;
					};
					872DE12D24D703770046ABE8 = {
						CreatedOnToolsVersion = 11.6;
						TestTargetID = 872DE11724D703720046ABE8;
					};
				};
			};
			buildConfigurationList = 872DE11324D703720046ABE8 /* Build configuration list for PBXProject "iOS-FitFill" */;
			compatibilityVersion = "Xcode 9.3";
			developmentRegion = en;
			hasScannedForEncodings = 0;
			knownRegions = (
				en,
				Base,
			);
			mainGroup = 872DE10F24D703720046ABE8;
			productRefGroup = 872DE11924D703720046ABE8 /* Products */;
			projectDirPath = "";
			projectRoot = "";
			targets = (
				872DE11724D703720046ABE8 /* iOS-FitFill */,
				872DE12D24D703770046ABE8 /* iOS-FitFillTests */,
			);
		};
/* End PBXProject section */

/* Begin PBXResourcesBuildPhase section */
		872DE11624D703720046ABE8 /* Resources */ = {
			isa = PBXResourcesBuildPhase;
			buildActionMask = 2147483647;
			files = (
				872DE12824D703770046ABE8 /* LaunchScreen.storyboard in Resources */,
				872DE12524D703770046ABE8 /* Assets.xcassets in Resources */,
				872DE12324D703720046ABE8 /* Main.storyboard in Resources */,
			);
			runOnlyForDeploymentPostprocessing = 0;
		};
		872DE12C24D703770046ABE8 /* Resources */ = {
			isa = PBXResourcesBuildPhase;
			buildActionMask = 2147483647;
			files = (
			);
			runOnlyForDeploymentPostprocessing = 0;
		};
/* End PBXResourcesBuildPhase section */

/* Begin PBXSourcesBuildPhase section */
		872DE11424D703720046ABE8 /* Sources */ = {
			isa = PBXSourcesBuildPhase;
			buildActionMask = 2147483647;
			files = (
				872DE12024D703720046ABE8 /* ViewController.swift in Sources */,
				872DE11C24D703720046ABE8 /* AppDelegate.swift in Sources */,
				872DE11E24D703720046ABE8 /* SceneDelegate.swift in Sources */,
			);
			runOnlyForDeploymentPostprocessing = 0;
		};
		872DE12A24D703770046ABE8 /* Sources */ = {
			isa = PBXSourcesBuildPhase;
			buildActionMask = 2147483647;
			files = (
				872DE13324D703770046ABE8 /* iOS_FitFillTests.swift in Sources */,
			);
			runOnlyForDeploymentPostprocessing = 0;
		};
/* End PBXSourcesBuildPhase section */

/* Begin PBXTargetDependency section */
		872DE13024D703770046ABE8 /* PBXTargetDependency */ = {
			isa = PBXTargetDependency;
			target = 872DE11724D703720046ABE8 /* iOS-FitFill */;
			targetProxy = 872DE12F24D703770046ABE8 /* PBXContainerItemProxy */;
		};
/* End PBXTargetDependency section */

/* Begin PBXVariantGroup section */
		872DE12124D703720046ABE8 /* Main.storyboard */ = {
			isa = PBXVariantGroup;
			children = (
				872DE12224D703720046ABE8 /* Base */,
			);
			name = Main.storyboard;
			sourceTree = "<group>";
		};
		872DE12624D703770046ABE8 /* LaunchScreen.storyboard */ = {
			isa = PBXVariantGroup;
			children = (
				872DE12724D703770046ABE8 /* Base */,
			);
			name = LaunchScreen.storyboard;
			sourceTree = "<group>";
		};
/* End PBXVariantGroup section */

/* Begin XCBuildConfiguration section */
		872DE13524D703770046ABE8 /* Debug */ = {
			isa = XCBuildConfiguration;
			buildSettings = {
				ALWAYS_SEARCH_USER_PATHS = NO;
				CLANG_ANALYZER_NONNULL = YES;
				CLANG_ANALYZER_NUMBER_OBJECT_CONVERSION = YES_AGGRESSIVE;
				CLANG_CXX_LANGUAGE_STANDARD = "gnu++14";
				CLANG_CXX_LIBRARY = "libc++";
				CLANG_ENABLE_MODULES = YES;
				CLANG_ENABLE_OBJC_ARC = YES;
				CLANG_ENABLE_OBJC_WEAK = YES;
				CLANG_WARN_BLOCK_CAPTURE_AUTORELEASING = YES;
				CLANG_WARN_BOOL_CONVERSION = YES;
				CLANG_WARN_COMMA = YES;
				CLANG_WARN_CONSTANT_CONVERSION = YES;
				CLANG_WARN_DEPRECATED_OBJC_IMPLEMENTATIONS = YES;
				CLANG_WARN_DIRECT_OBJC_ISA_USAGE = YES_ERROR;
				CLANG_WARN_DOCUMENTATION_COMMENTS = YES;
				CLANG_WARN_EMPTY_BODY = YES;
				CLANG_WARN_ENUM_CONVERSION = YES;
				CLANG_WARN_INFINITE_RECURSION = YES;
				CLANG_WARN_INT_CONVERSION = YES;
				CLANG_WARN_NON_LITERAL_NULL_CONVERSION = YES;
				CLANG_WARN_OBJC_IMPLICIT_RETAIN_SELF = YES;
				CLANG_WARN_OBJC_LITERAL_CONVERSION = YES;
				CLANG_WARN_OBJC_ROOT_CLASS = YES_ERROR;
				CLANG_WARN_RANGE_LOOP_ANALYSIS = YES;
				CLANG_WARN_STRICT_PROTOTYPES = YES;
				CLANG_WARN_SUSPICIOUS_MOVE = YES;
				CLANG_WARN_UNGUARDED_AVAILABILITY = YES_AGGRESSIVE;
				CLANG_WARN_UNREACHABLE_CODE = YES;
				CLANG_WARN__DUPLICATE_METHOD_MATCH = YES;
				COPY_PHASE_STRIP = NO;
				DEBUG_INFORMATION_FORMAT = dwarf;
				ENABLE_STRICT_OBJC_MSGSEND = YES;
				ENABLE_TESTABILITY = YES;
				GCC_C_LANGUAGE_STANDARD = gnu11;
				GCC_DYNAMIC_NO_PIC = NO;
				GCC_NO_COMMON_BLOCKS = YES;
				GCC_OPTIMIZATION_LEVEL = 0;
				GCC_PREPROCESSOR_DEFINITIONS = (
					"DEBUG=1",
					"$(inherited)",
				);
				GCC_WARN_64_TO_32_BIT_CONVERSION = YES;
				GCC_WARN_ABOUT_RETURN_TYPE = YES_ERROR;
				GCC_WARN_UNDECLARED_SELECTOR = YES;
				GCC_WARN_UNINITIALIZED_AUTOS = YES_AGGRESSIVE;
				GCC_WARN_UNUSED_FUNCTION = YES;
				GCC_WARN_UNUSED_VARIABLE = YES;
				IPHONEOS_DEPLOYMENT_TARGET = 13.6;
				MTL_ENABLE_DEBUG_INFO = INCLUDE_SOURCE;
				MTL_FAST_MATH = YES;
				ONLY_ACTIVE_ARCH = YES;
				SDKROOT = iphoneos;
				SWIFT_ACTIVE_COMPILATION_CONDITIONS = DEBUG;
				SWIFT_OPTIMIZATION_LEVEL = "-Onone";
			};
			name = Debug;
		};
		872DE13624D703770046ABE8 /* Release */ = {
			isa = XCBuildConfiguration;
			buildSettings = {
				ALWAYS_SEARCH_USER_PATHS = NO;
				CLANG_ANALYZER_NONNULL = YES;
				CLANG_ANALYZER_NUMBER_OBJECT_CONVERSION = YES_AGGRESSIVE;
				CLANG_CXX_LANGUAGE_STANDARD = "gnu++14";
				CLANG_CXX_LIBRARY = "libc++";
				CLANG_ENABLE_MODULES = YES;
				CLANG_ENABLE_OBJC_ARC = YES;
				CLANG_ENABLE_OBJC_WEAK = YES;
				CLANG_WARN_BLOCK_CAPTURE_AUTORELEASING = YES;
				CLANG_WARN_BOOL_CONVERSION = YES;
				CLANG_WARN_COMMA = YES;
				CLANG_WARN_CONSTANT_CONVERSION = YES;
				CLANG_WARN_DEPRECATED_OBJC_IMPLEMENTATIONS = YES;
				CLANG_WARN_DIRECT_OBJC_ISA_USAGE = YES_ERROR;
				CLANG_WARN_DOCUMENTATION_COMMENTS = YES;
				CLANG_WARN_EMPTY_BODY = YES;
				CLANG_WARN_ENUM_CONVERSION = YES;
				CLANG_WARN_INFINITE_RECURSION = YES;
				CLANG_WARN_INT_CONVERSION = YES;
				CLANG_WARN_NON_LITERAL_NULL_CONVERSION = YES;
				CLANG_WARN_OBJC_IMPLICIT_RETAIN_SELF = YES;
				CLANG_WARN_OBJC_LITERAL_CONVERSION = YES;
				CLANG_WARN_OBJC_ROOT_CLASS = YES_ERROR;
				CLANG_WARN_RANGE_LOOP_ANALYSIS = YES;
				CLANG_WARN_STRICT_PROTOTYPES = YES;
				CLANG_WARN_SUSPICIOUS_MOVE = YES;
				CLANG_WARN_UNGUARDED_AVAILABILITY = YES_AGGRESSIVE;
				CLANG_WARN_UNREACHABLE_CODE = YES;
				CLANG_WARN__DUPLICATE_METHOD_MATCH = YES;
				COPY_PHASE_STRIP = NO;
				DEBUG_INFORMATION_FORMAT = "dwarf-with-dsym";
				ENABLE_NS_ASSERTIONS = NO;
				ENABLE_STRICT_OBJC_MSGSEND = YES;
				GCC_C_LANGUAGE_STANDARD = gnu11;
				GCC_NO_COMMON_BLOCKS = YES;
				GCC_WARN_64_TO_32_BIT_CONVERSION = YES;
				GCC_WARN_ABOUT_RETURN_TYPE = YES_ERROR;
				GCC_WARN_UNDECLARED_SELECTOR = YES;
				GCC_WARN_UNINITIALIZED_AUTOS = YES_AGGRESSIVE;
				GCC_WARN_UNUSED_FUNCTION = YES;
				GCC_WARN_UNUSED_VARIABLE = YES;
				IPHONEOS_DEPLOYMENT_TARGET = 13.6;
				MTL_ENABLE_DEBUG_INFO = NO;
				MTL_FAST_MATH = YES;
				SDKROOT = iphoneos;
				SWIFT_COMPILATION_MODE = wholemodule;
				SWIFT_OPTIMIZATION_LEVEL = "-O";
				VALIDATE_PRODUCT = YES;
			};
			name = Release;
		};
		872DE13824D703770046ABE8 /* Debug */ = {
			isa = XCBuildConfiguration;
			buildSettings = {
				ASSETCATALOG_COMPILER_APPICON_NAME = AppIcon;
				CODE_SIGN_STYLE = Automatic;
				DEVELOPMENT_TEAM = DTTYHBEAZE;
				INFOPLIST_FILE = "iOS-FitFill/Info.plist";
				LD_RUNPATH_SEARCH_PATHS = (
					"$(inherited)",
					"@executable_path/Frameworks",
				);
				PRODUCT_BUNDLE_IDENTIFIER = "com.hsiaoai.iOS-FitFill";
				PRODUCT_NAME = "$(TARGET_NAME)";
				SWIFT_VERSION = 5.0;
				TARGETED_DEVICE_FAMILY = "1,2";
			};
			name = Debug;
		};
		872DE13924D703770046ABE8 /* Release */ = {
			isa = XCBuildConfiguration;
			buildSettings = {
				ASSETCATALOG_COMPILER_APPICON_NAME = AppIcon;
				CODE_SIGN_STYLE = Automatic;
				DEVELOPMENT_TEAM = DTTYHBEAZE;
				INFOPLIST_FILE = "iOS-FitFill/Info.plist";
				LD_RUNPATH_SEARCH_PATHS = (
					"$(inherited)",
					"@executable_path/Frameworks",
				);
				PRODUCT_BUNDLE_IDENTIFIER = "com.hsiaoai.iOS-FitFill";
				PRODUCT_NAME = "$(TARGET_NAME)";
				SWIFT_VERSION = 5.0;
				TARGETED_DEVICE_FAMILY = "1,2";
			};
			name = Release;
		};
		872DE13B24D703770046ABE8 /* Debug */ = {
			isa = XCBuildConfiguration;
			buildSettings = {
				ALWAYS_EMBED_SWIFT_STANDARD_LIBRARIES = YES;
				BUNDLE_LOADER = "$(TEST_HOST)";
				CODE_SIGN_STYLE = Automatic;
				DEVELOPMENT_TEAM = DTTYHBEAZE;
				INFOPLIST_FILE = "iOS-FitFillTests/Info.plist";
				IPHONEOS_DEPLOYMENT_TARGET = 13.6;
				LD_RUNPATH_SEARCH_PATHS = (
					"$(inherited)",
					"@executable_path/Frameworks",
					"@loader_path/Frameworks",
				);
				PRODUCT_BUNDLE_IDENTIFIER = "com.hsiaoai.iOS-FitFillTests";
				PRODUCT_NAME = "$(TARGET_NAME)";
				SWIFT_VERSION = 5.0;
				TARGETED_DEVICE_FAMILY = "1,2";
				TEST_HOST = "$(BUILT_PRODUCTS_DIR)/iOS-FitFill.app/iOS-FitFill";
			};
			name = Debug;
		};
		872DE13C24D703770046ABE8 /* Release */ = {
			isa = XCBuildConfiguration;
			buildSettings = {
				ALWAYS_EMBED_SWIFT_STANDARD_LIBRARIES = YES;
				BUNDLE_LOADER = "$(TEST_HOST)";
				CODE_SIGN_STYLE = Automatic;
				DEVELOPMENT_TEAM = DTTYHBEAZE;
				INFOPLIST_FILE = "iOS-FitFillTests/Info.plist";
				IPHONEOS_DEPLOYMENT_TARGET = 13.6;
				LD_RUNPATH_SEARCH_PATHS = (
					"$(inherited)",
					"@executable_path/Frameworks",
					"@loader_path/Frameworks",
				);
				PRODUCT_BUNDLE_IDENTIFIER = "com.hsiaoai.iOS-FitFillTests";
				PRODUCT_NAME = "$(TARGET_NAME)";
				SWIFT_VERSION = 5.0;
				TARGETED_DEVICE_FAMILY = "1,2";
				TEST_HOST = "$(BUILT_PRODUCTS_DIR)/iOS-FitFill.app/iOS-FitFill";
			};
			name = Release;
		};
/* End XCBuildConfiguration section */

/* Begin XCConfigurationList section */
		872DE11324D703720046ABE8 /* Build configuration list for PBXProject "iOS-FitFill" */ = {
			isa = XCConfigurationList;
			buildConfigurations = (
				872DE13524D703770046ABE8 /* Debug */,
				872DE13624D703770046ABE8 /* Release */,
			);
			defaultConfigurationIsVisible = 0;
			defaultConfigurationName = Release;
		};
		872DE13724D703770046ABE8 /* Build configuration list for PBXNativeTarget "iOS-FitFill" */ = {
			isa = XCConfigurationList;
			buildConfigurations = (
				872DE13824D703770046ABE8 /* Debug */,
				872DE13924D703770046ABE8 /* Release */,
			);
			defaultConfigurationIsVisible = 0;
			defaultConfigurationName = Release;
		};
		872DE13A24D703770046ABE8 /* Build configuration list for PBXNativeTarget "iOS-FitFillTests" */ = {
			isa = XCConfigurationList;
			buildConfigurations = (
				872DE13B24D703770046ABE8 /* Debug */,
				872DE13C24D703770046ABE8 /* Release */,
			);
			defaultConfigurationIsVisible = 0;
			defaultConfigurationName = Release;
		};
/* End XCConfigurationList section */
	};
	rootObject = 872DE11024D703720046ABE8 /* Project object */;
}
